
Microsoft Visual Studio Solution File, Format Version 12.00
# Visual Studio Version 16
VisualStudioVersion = 16.0.30804.86
MinimumVisualStudioVersion = 10.0.40219.1
Project("{FAE04EC0-301F-11D3-BF4B-00C04F79EFBC}") = "DemoLib", "DemoLib\DemoLib.csproj", "{ACAD8649-E33A-4880-B3FD-78C18B383392}"
EndProject
Project("{FAE04EC0-301F-11D3-BF4B-00C04F79EFBC}") = "DemoLib.Framework", "DemoLib.Framework\DemoLib.Framework.csproj", "{4940379D-31AE-4641-8CBB-852843227FC2}"
EndProject
Project("{FAE04EC0-301F-11D3-BF4B-00C04F79EFBC}") = "DemoLib.Core", "DemoLib.Core\DemoLib.Core.csproj", "{60B13C2C-353B-4121-9BED-CE8460967AEC}"
EndProject
Project("{FAE04EC0-301F-11D3-BF4B-00C04F79EFBC}") = "DemoApp", "DemoApp\DemoApp.csproj", "{B7BF7285-FD2E-46A7-AE95-30C730CE978E}"
EndProject
Project("{FAE04EC0-301F-11D3-BF4B-00C04F79EFBC}") = "WinFrameworkApp", "WinFrameworkApp\WinFrameworkApp.csproj", "{15419353-3A50-4C0C-AEE1-AA880EFCC73D}"
EndProject
Global
	GlobalSection(SolutionConfigurationPlatforms) = preSolution
		Debug|Any CPU = Debug|Any CPU
		Release|Any CPU = Release|Any CPU
	EndGlobalSection
	GlobalSection(ProjectConfigurationPlatforms) = postSolution
		{ACAD8649-E33A-4880-B3FD-78C18B383392}.Debug|Any CPU.ActiveCfg = Debug|Any CPU
		{ACAD8649-E33A-4880-B3FD-78C18B383392}.Debug|Any CPU.Build.0 = Debug|Any CPU
		{ACAD8649-E33A-4880-B3FD-78C18B383392}.Release|Any CPU.ActiveCfg = Release|Any CPU
		{ACAD8649-E33A-4880-B3FD-78C18B383392}.Release|Any CPU.Build.0 = Release|Any CPU
		{4940379D-31AE-4641-8CBB-852843227FC2}.Debug|Any CPU.ActiveCfg = Debug|Any CPU
		{4940379D-31AE-4641-8CBB-852843227FC2}.Debug|Any CPU.Build.0 = Debug|Any CPU
		{4940379D-31AE-4641-8CBB-852843227FC2}.Release|Any CPU.ActiveCfg = Release|Any CPU
		{4940379D-31AE-4641-8CBB-852843227FC2}.Release|Any CPU.Build.0 = Release|Any CPU
		{60B13C2C-353B-4121-9BED-CE8460967AEC}.Debug|Any CPU.ActiveCfg = Debug|Any CPU
		{60B13C2C-353B-4121-9BED-CE8460967AEC}.Debug|Any CPU.Build.0 = Debug|Any CPU
		{60B13C2C-353B-4121-9BED-CE8460967AEC}.Release|Any CPU.ActiveCfg = Release|Any CPU
		{60B13C2C-353B-4121-9BED-CE8460967AEC}.Release|Any CPU.Build.0 = Release|Any CPU
		{B7BF7285-FD2E-46A7-AE95-30C730CE978E}.Debug|Any CPU.ActiveCfg = Debug|Any CPU
		{B7BF7285-FD2E-46A7-AE95-30C730CE978E}.Debug|Any CPU.Build.0 = Debug|Any CPU
		{B7BF7285-FD2E-46A7-AE95-30C730CE978E}.Release|Any CPU.ActiveCfg = Release|Any CPU
		{B7BF7285-FD2E-46A7-AE95-30C730CE978E}.Release|Any CPU.Build.0 = Release|Any CPU
		{15419353-3A50-4C0C-AEE1-AA880EFCC73D}.Debug|Any CPU.ActiveCfg = Debug|Any CPU
		{15419353-3A50-4C0C-AEE1-AA880EFCC73D}.Debug|Any CPU.Build.0 = Debug|Any CPU
		{15419353-3A50-4C0C-AEE1-AA880EFCC73D}.Release|Any CPU.ActiveCfg = Release|Any CPU
		{15419353-3A50-4C0C-AEE1-AA880EFCC73D}.Release|Any CPU.Build.0 = Release|Any CPU
	EndGlobalSection
	GlobalSection(SolutionProperties) = preSolution
		HideSolutionNode = FALSE
	EndGlobalSection
	GlobalSection(ExtensibilityGlobals) = postSolution
		SolutionGuid = {F3FFA3FE-B769-46E7-8EE1-14072359C17B}
	EndGlobalSection
EndGlobal
